
Microsoft Visual Studio Solution File, Format Version 12.00
# Visual Studio 2012
Project("{FAE04EC0-301F-11D3-BF4B-00C04F79EFBC}") = "Task1.2", "Task1.2\Task1.2.csproj", "{18BD15AF-2277-491B-B7DD-D12ECDE6D0A2}"
EndProject
Global
	GlobalSection(SolutionConfigurationPlatforms) = preSolution
		Debug|Any CPU = Debug|Any CPU
		Release|Any CPU = Release|Any CPU
	EndGlobalSection
	GlobalSection(ProjectConfigurationPlatforms) = postSolution
		{18BD15AF-2277-491B-B7DD-D12ECDE6D0A2}.Debug|Any CPU.ActiveCfg = Debug|Any CPU
		{18BD15AF-2277-491B-B7DD-D12ECDE6D0A2}.Debug|Any CPU.Build.0 = Debug|Any CPU
		{18BD15AF-2277-491B-B7DD-D12ECDE6D0A2}.Release|Any CPU.ActiveCfg = Release|Any CPU
		{18BD15AF-2277-491B-B7DD-D12ECDE6D0A2}.Release|Any CPU.Build.0 = Release|Any CPU
	EndGlobalSection
	GlobalSection(SolutionProperties) = preSolution
		HideSolutionNode = FALSE
	EndGlobalSection
EndGlobal
