
Microsoft Visual Studio Solution File, Format Version 12.00
# Visual Studio 2012
Project("{FAE04EC0-301F-11D3-BF4B-00C04F79EFBC}") = "Task_5", "Task_5\Task_5.csproj", "{9C7DE3A8-0104-491E-914A-CC05E0BED7D6}"
EndProject
Global
	GlobalSection(SolutionConfigurationPlatforms) = preSolution
		Debug|Any CPU = Debug|Any CPU
		Release|Any CPU = Release|Any CPU
	EndGlobalSection
	GlobalSection(ProjectConfigurationPlatforms) = postSolution
		{9C7DE3A8-0104-491E-914A-CC05E0BED7D6}.Debug|Any CPU.ActiveCfg = Debug|Any CPU
		{9C7DE3A8-0104-491E-914A-CC05E0BED7D6}.Debug|Any CPU.Build.0 = Debug|Any CPU
		{9C7DE3A8-0104-491E-914A-CC05E0BED7D6}.Release|Any CPU.ActiveCfg = Release|Any CPU
		{9C7DE3A8-0104-491E-914A-CC05E0BED7D6}.Release|Any CPU.Build.0 = Release|Any CPU
	EndGlobalSection
	GlobalSection(SolutionProperties) = preSolution
		HideSolutionNode = FALSE
	EndGlobalSection
EndGlobal
