
Microsoft Visual Studio Solution File, Format Version 12.00
# Visual Studio 2012
Project("{FAE04EC0-301F-11D3-BF4B-00C04F79EFBC}") = "Task_6", "Task_6\Task_6.csproj", "{DAE1AAB9-EEC3-49C0-8101-C1EAC766251D}"
EndProject
Global
	GlobalSection(SolutionConfigurationPlatforms) = preSolution
		Debug|Any CPU = Debug|Any CPU
		Release|Any CPU = Release|Any CPU
	EndGlobalSection
	GlobalSection(ProjectConfigurationPlatforms) = postSolution
		{DAE1AAB9-EEC3-49C0-8101-C1EAC766251D}.Debug|Any CPU.ActiveCfg = Debug|Any CPU
		{DAE1AAB9-EEC3-49C0-8101-C1EAC766251D}.Debug|Any CPU.Build.0 = Debug|Any CPU
		{DAE1AAB9-EEC3-49C0-8101-C1EAC766251D}.Release|Any CPU.ActiveCfg = Release|Any CPU
		{DAE1AAB9-EEC3-49C0-8101-C1EAC766251D}.Release|Any CPU.Build.0 = Release|Any CPU
	EndGlobalSection
	GlobalSection(SolutionProperties) = preSolution
		HideSolutionNode = FALSE
	EndGlobalSection
EndGlobal
